
Microsoft Visual Studio Solution File, Format Version 12.00
# Visual Studio 15
VisualStudioVersion = 15.0.27703.2042
MinimumVisualStudioVersion = 10.0.40219.1
Project("{FAE04EC0-301F-11D3-BF4B-00C04F79EFBC}") = "MPP.Web", "MPP.Web\MPP.Web.csproj", "{70A1A6B2-FB9C-4BB6-9C69-28985CFEE125}"
EndProject
Project("{E53339B2-1760-4266-BCC7-CA923CBCF16C}") = "docker-compose", "docker-compose.dcproj", "{05A9ABF9-77E2-465B-8D0C-72B9ACD4BE37}"
EndProject
Global
	GlobalSection(SolutionConfigurationPlatforms) = preSolution
		Debug|Any CPU = Debug|Any CPU
		Release|Any CPU = Release|Any CPU
	EndGlobalSection
	GlobalSection(ProjectConfigurationPlatforms) = postSolution
		{70A1A6B2-FB9C-4BB6-9C69-28985CFEE125}.Debug|Any CPU.ActiveCfg = Debug|Any CPU
		{70A1A6B2-FB9C-4BB6-9C69-28985CFEE125}.Debug|Any CPU.Build.0 = Debug|Any CPU
		{70A1A6B2-FB9C-4BB6-9C69-28985CFEE125}.Release|Any CPU.ActiveCfg = Release|Any CPU
		{70A1A6B2-FB9C-4BB6-9C69-28985CFEE125}.Release|Any CPU.Build.0 = Release|Any CPU
		{05A9ABF9-77E2-465B-8D0C-72B9ACD4BE37}.Debug|Any CPU.ActiveCfg = Debug|Any CPU
		{05A9ABF9-77E2-465B-8D0C-72B9ACD4BE37}.Debug|Any CPU.Build.0 = Debug|Any CPU
		{05A9ABF9-77E2-465B-8D0C-72B9ACD4BE37}.Release|Any CPU.ActiveCfg = Release|Any CPU
		{05A9ABF9-77E2-465B-8D0C-72B9ACD4BE37}.Release|Any CPU.Build.0 = Release|Any CPU
	EndGlobalSection
	GlobalSection(SolutionProperties) = preSolution
		HideSolutionNode = FALSE
	EndGlobalSection
	GlobalSection(ExtensibilityGlobals) = postSolution
		SolutionGuid = {102BFC73-ABCF-4E59-9C42-C05DEE2D3D55}
	EndGlobalSection
EndGlobal
